
Microsoft Visual Studio Solution File, Format Version 12.00
# Visual Studio Version 17
VisualStudioVersion = 17.8.34330.188
MinimumVisualStudioVersion = 10.0.40219.1
Project("{FAE04EC0-301F-11D3-BF4B-00C04F79EFBC}") = "Nulo LiveShow Studio", "Source\Nulo LiveShow Studio\Nulo LiveShow Studio.csproj", "{89A612EF-C3D4-4838-8466-4BC0DFE79527}"
EndProject
Global
	GlobalSection(SolutionConfigurationPlatforms) = preSolution
		Debug|Any CPU = Debug|Any CPU
		Release|Any CPU = Release|Any CPU
	EndGlobalSection
	GlobalSection(ProjectConfigurationPlatforms) = postSolution
		{89A612EF-C3D4-4838-8466-4BC0DFE79527}.Debug|Any CPU.ActiveCfg = Debug|Any CPU
		{89A612EF-C3D4-4838-8466-4BC0DFE79527}.Debug|Any CPU.Build.0 = Debug|Any CPU
		{89A612EF-C3D4-4838-8466-4BC0DFE79527}.Release|Any CPU.ActiveCfg = Release|Any CPU
		{89A612EF-C3D4-4838-8466-4BC0DFE79527}.Release|Any CPU.Build.0 = Release|Any CPU
	EndGlobalSection
	GlobalSection(SolutionProperties) = preSolution
		HideSolutionNode = FALSE
	EndGlobalSection
	GlobalSection(ExtensibilityGlobals) = postSolution
		SolutionGuid = {4E824818-DB3A-4893-92B3-F55AA80AF470}
	EndGlobalSection
EndGlobal
